
Microsoft Visual Studio Solution File, Format Version 12.00
# Visual Studio Version 17
VisualStudioVersion = 17.11.35219.272
MinimumVisualStudioVersion = 10.0.40219.1
Project("{9A19103F-16F7-4668-BE54-9A1E7A4F7556}") = "RemoveBackground", "RemoveBackground\RemoveBackground.csproj", "{9D99AE68-4D49-4059-A730-2DA72250C340}"
EndProject
Project("{2150E333-8FDC-42A3-9474-1A3956D46DE8}") = "Projektmappenelemente", "Projektmappenelemente", "{2B2300B1-E129-42FA-A43A-D9EBE1A0EC60}"
	ProjectSection(SolutionItems) = preProject
		RemoveBackground\RemoveBackground.exe = RemoveBackground\RemoveBackground.exe
		ThreadsGrid.xlsx = ThreadsGrid.xlsx
	EndProjectSection
EndProject
Global
	GlobalSection(SolutionConfigurationPlatforms) = preSolution
		Debug|Any CPU = Debug|Any CPU
		Debug|x64 = Debug|x64
		Release|Any CPU = Release|Any CPU
		Release|x64 = Release|x64
	EndGlobalSection
	GlobalSection(ProjectConfigurationPlatforms) = postSolution
		{9D99AE68-4D49-4059-A730-2DA72250C340}.Debug|Any CPU.ActiveCfg = Debug|Any CPU
		{9D99AE68-4D49-4059-A730-2DA72250C340}.Debug|Any CPU.Build.0 = Debug|Any CPU
		{9D99AE68-4D49-4059-A730-2DA72250C340}.Debug|x64.ActiveCfg = Debug|x64
		{9D99AE68-4D49-4059-A730-2DA72250C340}.Debug|x64.Build.0 = Debug|x64
		{9D99AE68-4D49-4059-A730-2DA72250C340}.Release|Any CPU.ActiveCfg = Release|Any CPU
		{9D99AE68-4D49-4059-A730-2DA72250C340}.Release|Any CPU.Build.0 = Release|Any CPU
		{9D99AE68-4D49-4059-A730-2DA72250C340}.Release|x64.ActiveCfg = Release|x64
		{9D99AE68-4D49-4059-A730-2DA72250C340}.Release|x64.Build.0 = Release|x64
	EndGlobalSection
	GlobalSection(SolutionProperties) = preSolution
		HideSolutionNode = FALSE
	EndGlobalSection
	GlobalSection(ExtensibilityGlobals) = postSolution
		SolutionGuid = {4C98DE4B-EA1D-45A4-B57A-718A4AC31903}
	EndGlobalSection
EndGlobal
